// !$*UTF8*$!
{
	archiveVersion = 1;
	classes = {
	};
	objectVersion = 50;
	objects = {

/* Begin PBXBuildFile section */
		1A25736A21BD47D0001FFDFE /* U2FFacets.swift in Sources */ = {isa = PBXBuildFile; fileRef = 1A25736921BD47D0001FFDFE /* U2FFacets.swift */; };
		1AC76D6F21C9570100588564 /* AppDelegate.swift in Sources */ = {isa = PBXBuildFile; fileRef = 1AC76D6E21C9570100588564 /* AppDelegate.swift */; };
		1AC76D7121C9570200588564 /* Assets.xcassets in Resources */ = {isa = PBXBuildFile; fileRef = 1AC76D7021C9570200588564 /* Assets.xcassets */; };
		1AC76D7421C9570200588564 /* MainMenu.xib in Resources */ = {isa = PBXBuildFile; fileRef = 1AC76D7221C9570200588564 /* MainMenu.xib */; };
		1AC76D8021C9570200588564 /* u2f_macTests.swift in Sources */ = {isa = PBXBuildFile; fileRef = 1AC76D7F21C9570200588564 /* u2f_macTests.swift */; };
		1AC76D8B21C9570200588564 /* u2f_macUITests.swift in Sources */ = {isa = PBXBuildFile; fileRef = 1AC76D8A21C9570200588564 /* u2f_macUITests.swift */; };
		1AF2BD3721BC05520047B742 /* U2FRequest.swift in Sources */ = {isa = PBXBuildFile; fileRef = 1AF2BD3621BC05520047B742 /* U2FRequest.swift */; };
		1AF2BD3921BC055B0047B742 /* U2FResponse.swift in Sources */ = {isa = PBXBuildFile; fileRef = 1AF2BD3821BC055B0047B742 /* U2FResponse.swift */; };
		1AF2BD3B21BC05AC0047B742 /* Base64URL.swift in Sources */ = {isa = PBXBuildFile; fileRef = 1AF2BD3A21BC05AC0047B742 /* Base64URL.swift */; };
		1AF65D0D21AF3A0C003ED163 /* AppDelegate.swift in Sources */ = {isa = PBXBuildFile; fileRef = 1AF65D0C21AF3A0C003ED163 /* AppDelegate.swift */; };
		1AF65D0F21AF3A0C003ED163 /* ViewController.swift in Sources */ = {isa = PBXBuildFile; fileRef = 1AF65D0E21AF3A0C003ED163 /* ViewController.swift */; };
		1AF65D1221AF3A0C003ED163 /* Main.storyboard in Resources */ = {isa = PBXBuildFile; fileRef = 1AF65D1021AF3A0C003ED163 /* Main.storyboard */; };
		1AF65D1421AF3A0D003ED163 /* Assets.xcassets in Resources */ = {isa = PBXBuildFile; fileRef = 1AF65D1321AF3A0D003ED163 /* Assets.xcassets */; };
		1AF65D1721AF3A0D003ED163 /* LaunchScreen.storyboard in Resources */ = {isa = PBXBuildFile; fileRef = 1AF65D1521AF3A0D003ED163 /* LaunchScreen.storyboard */; };
		1AF65D2E21AF3F25003ED163 /* DataWriter.swift in Sources */ = {isa = PBXBuildFile; fileRef = 1AF65D2821AF3F25003ED163 /* DataWriter.swift */; };
		1AF65D3121AF3F25003ED163 /* TransportHelper.swift in Sources */ = {isa = PBXBuildFile; fileRef = 1AF65D2B21AF3F25003ED163 /* TransportHelper.swift */; };
		1AF65D3321AF3F25003ED163 /* DataReader.swift in Sources */ = {isa = PBXBuildFile; fileRef = 1AF65D2D21AF3F25003ED163 /* DataReader.swift */; };
		1AF65D3721AF3FA1003ED163 /* AuthenticateAPDU.swift in Sources */ = {isa = PBXBuildFile; fileRef = 1AF65D3421AF3FA1003ED163 /* AuthenticateAPDU.swift */; };
		1AF65D3821AF3FA1003ED163 /* RegisterAPDU.swift in Sources */ = {isa = PBXBuildFile; fileRef = 1AF65D3521AF3FA1003ED163 /* RegisterAPDU.swift */; };
		1AF65D3921AF3FA1003ED163 /* APDUType.swift in Sources */ = {isa = PBXBuildFile; fileRef = 1AF65D3621AF3FA1003ED163 /* APDUType.swift */; };
		1AF65D4121B0B42C003ED163 /* BluetoothManager.swift in Sources */ = {isa = PBXBuildFile; fileRef = 1AF65D3F21B0B42B003ED163 /* BluetoothManager.swift */; };
		1AF65D4221B0B42C003ED163 /* DeviceManager.swift in Sources */ = {isa = PBXBuildFile; fileRef = 1AF65D4021B0B42C003ED163 /* DeviceManager.swift */; };
		4D442A8AABB834C76D3A06EF /* Pods_u2f_ble.framework in Frameworks */ = {isa = PBXBuildFile; fileRef = 947DD285D756954BE0793254 /* Pods_u2f_ble.framework */; };
/* End PBXBuildFile section */

/* Begin PBXContainerItemProxy section */
		1AC76D7C21C9570200588564 /* PBXContainerItemProxy */ = {
			isa = PBXContainerItemProxy;
			containerPortal = 1AF65D0121AF3A0C003ED163 /* Project object */;
			proxyType = 1;
			remoteGlobalIDString = 1AC76D6B21C9570100588564;
			remoteInfo = "u2f-mac";
		};
		1AC76D8721C9570200588564 /* PBXContainerItemProxy */ = {
			isa = PBXContainerItemProxy;
			containerPortal = 1AF65D0121AF3A0C003ED163 /* Project object */;
			proxyType = 1;
			remoteGlobalIDString = 1AC76D6B21C9570100588564;
			remoteInfo = "u2f-mac";
		};
/* End PBXContainerItemProxy section */

/* Begin PBXFileReference section */
		1A25736921BD47D0001FFDFE /* U2FFacets.swift */ = {isa = PBXFileReference; lastKnownFileType = sourcecode.swift; path = U2FFacets.swift; sourceTree = "<group>"; };
		1AC76D6C21C9570100588564 /* u2f-mac.app */ = {isa = PBXFileReference; explicitFileType = wrapper.application; includeInIndex = 0; path = "u2f-mac.app"; sourceTree = BUILT_PRODUCTS_DIR; };
		1AC76D6E21C9570100588564 /* AppDelegate.swift */ = {isa = PBXFileReference; lastKnownFileType = sourcecode.swift; path = AppDelegate.swift; sourceTree = "<group>"; };
		1AC76D7021C9570200588564 /* Assets.xcassets */ = {isa = PBXFileReference; lastKnownFileType = folder.assetcatalog; path = Assets.xcassets; sourceTree = "<group>"; };
		1AC76D7321C9570200588564 /* Base */ = {isa = PBXFileReference; lastKnownFileType = file.xib; name = Base; path = Base.lproj/MainMenu.xib; sourceTree = "<group>"; };
		1AC76D7521C9570200588564 /* Info.plist */ = {isa = PBXFileReference; lastKnownFileType = text.plist.xml; path = Info.plist; sourceTree = "<group>"; };
		1AC76D7621C9570200588564 /* u2f_mac.entitlements */ = {isa = PBXFileReference; lastKnownFileType = text.plist.entitlements; path = u2f_mac.entitlements; sourceTree = "<group>"; };
		1AC76D7B21C9570200588564 /* u2f-macTests.xctest */ = {isa = PBXFileReference; explicitFileType = wrapper.cfbundle; includeInIndex = 0; path = "u2f-macTests.xctest"; sourceTree = BUILT_PRODUCTS_DIR; };
		1AC76D7F21C9570200588564 /* u2f_macTests.swift */ = {isa = PBXFileReference; lastKnownFileType = sourcecode.swift; path = u2f_macTests.swift; sourceTree = "<group>"; };
		1AC76D8121C9570200588564 /* Info.plist */ = {isa = PBXFileReference; lastKnownFileType = text.plist.xml; path = Info.plist; sourceTree = "<group>"; };
		1AC76D8621C9570200588564 /* u2f-macUITests.xctest */ = {isa = PBXFileReference; explicitFileType = wrapper.cfbundle; includeInIndex = 0; path = "u2f-macUITests.xctest"; sourceTree = BUILT_PRODUCTS_DIR; };
		1AC76D8A21C9570200588564 /* u2f_macUITests.swift */ = {isa = PBXFileReference; lastKnownFileType = sourcecode.swift; path = u2f_macUITests.swift; sourceTree = "<group>"; };
		1AC76D8C21C9570200588564 /* Info.plist */ = {isa = PBXFileReference; lastKnownFileType = text.plist.xml; path = Info.plist; sourceTree = "<group>"; };
		1AC76D9621C9597100588564 /* u2f-mac.entitlements */ = {isa = PBXFileReference; lastKnownFileType = text.plist.entitlements; path = "u2f-mac.entitlements"; sourceTree = "<group>"; };
		1AF2BD3621BC05520047B742 /* U2FRequest.swift */ = {isa = PBXFileReference; lastKnownFileType = sourcecode.swift; path = U2FRequest.swift; sourceTree = "<group>"; };
		1AF2BD3821BC055B0047B742 /* U2FResponse.swift */ = {isa = PBXFileReference; lastKnownFileType = sourcecode.swift; path = U2FResponse.swift; sourceTree = "<group>"; };
		1AF2BD3A21BC05AC0047B742 /* Base64URL.swift */ = {isa = PBXFileReference; lastKnownFileType = sourcecode.swift; path = Base64URL.swift; sourceTree = "<group>"; };
		1AF65D0921AF3A0C003ED163 /* u2f-ble.app */ = {isa = PBXFileReference; explicitFileType = wrapper.application; includeInIndex = 0; path = "u2f-ble.app"; sourceTree = BUILT_PRODUCTS_DIR; };
		1AF65D0C21AF3A0C003ED163 /* AppDelegate.swift */ = {isa = PBXFileReference; lastKnownFileType = sourcecode.swift; path = AppDelegate.swift; sourceTree = "<group>"; };
		1AF65D0E21AF3A0C003ED163 /* ViewController.swift */ = {isa = PBXFileReference; lastKnownFileType = sourcecode.swift; path = ViewController.swift; sourceTree = "<group>"; };
		1AF65D1121AF3A0C003ED163 /* Base */ = {isa = PBXFileReference; lastKnownFileType = file.storyboard; name = Base; path = Base.lproj/Main.storyboard; sourceTree = "<group>"; };
		1AF65D1321AF3A0D003ED163 /* Assets.xcassets */ = {isa = PBXFileReference; lastKnownFileType = folder.assetcatalog; path = Assets.xcassets; sourceTree = "<group>"; };
		1AF65D1621AF3A0D003ED163 /* Base */ = {isa = PBXFileReference; lastKnownFileType = file.storyboard; name = Base; path = Base.lproj/LaunchScreen.storyboard; sourceTree = "<group>"; };
		1AF65D1821AF3A0D003ED163 /* Info.plist */ = {isa = PBXFileReference; lastKnownFileType = text.plist.xml; path = Info.plist; sourceTree = "<group>"; };
		1AF65D2821AF3F25003ED163 /* DataWriter.swift */ = {isa = PBXFileReference; fileEncoding = 4; lastKnownFileType = sourcecode.swift; path = DataWriter.swift; sourceTree = "<group>"; };
		1AF65D2B21AF3F25003ED163 /* TransportHelper.swift */ = {isa = PBXFileReference; fileEncoding = 4; lastKnownFileType = sourcecode.swift; path = TransportHelper.swift; sourceTree = "<group>"; };
		1AF65D2D21AF3F25003ED163 /* DataReader.swift */ = {isa = PBXFileReference; fileEncoding = 4; lastKnownFileType = sourcecode.swift; path = DataReader.swift; sourceTree = "<group>"; };
		1AF65D3421AF3FA1003ED163 /* AuthenticateAPDU.swift */ = {isa = PBXFileReference; fileEncoding = 4; lastKnownFileType = sourcecode.swift; path = AuthenticateAPDU.swift; sourceTree = "<group>"; };
		1AF65D3521AF3FA1003ED163 /* RegisterAPDU.swift */ = {isa = PBXFileReference; fileEncoding = 4; lastKnownFileType = sourcecode.swift; path = RegisterAPDU.swift; sourceTree = "<group>"; };
		1AF65D3621AF3FA1003ED163 /* APDUType.swift */ = {isa = PBXFileReference; fileEncoding = 4; lastKnownFileType = sourcecode.swift; path = APDUType.swift; sourceTree = "<group>"; };
		1AF65D3F21B0B42B003ED163 /* BluetoothManager.swift */ = {isa = PBXFileReference; fileEncoding = 4; lastKnownFileType = sourcecode.swift; path = BluetoothManager.swift; sourceTree = "<group>"; };
		1AF65D4021B0B42C003ED163 /* DeviceManager.swift */ = {isa = PBXFileReference; fileEncoding = 4; lastKnownFileType = sourcecode.swift; path = DeviceManager.swift; sourceTree = "<group>"; };
		62F11B60FBA164D3A544D3BA /* Pods-u2f-ble.release.xcconfig */ = {isa = PBXFileReference; includeInIndex = 1; lastKnownFileType = text.xcconfig; name = "Pods-u2f-ble.release.xcconfig"; path = "Pods/Target Support Files/Pods-u2f-ble/Pods-u2f-ble.release.xcconfig"; sourceTree = "<group>"; };
		73071DF65A2431790E7A35D1 /* Pods-u2f-ble.debug.xcconfig */ = {isa = PBXFileReference; includeInIndex = 1; lastKnownFileType = text.xcconfig; name = "Pods-u2f-ble.debug.xcconfig"; path = "Pods/Target Support Files/Pods-u2f-ble/Pods-u2f-ble.debug.xcconfig"; sourceTree = "<group>"; };
		947DD285D756954BE0793254 /* Pods_u2f_ble.framework */ = {isa = PBXFileReference; explicitFileType = wrapper.framework; includeInIndex = 0; path = Pods_u2f_ble.framework; sourceTree = BUILT_PRODUCTS_DIR; };
/* End PBXFileReference section */

/* Begin PBXFrameworksBuildPhase section */
		1AC76D6921C9570100588564 /* Frameworks */ = {
			isa = PBXFrameworksBuildPhase;
			buildActionMask = 2147483647;
			files = (
			);
			runOnlyForDeploymentPostprocessing = 0;
		};
		1AC76D7821C9570200588564 /* Frameworks */ = {
			isa = PBXFrameworksBuildPhase;
			buildActionMask = 2147483647;
			files = (
			);
			runOnlyForDeploymentPostprocessing = 0;
		};
		1AC76D8321C9570200588564 /* Frameworks */ = {
			isa = PBXFrameworksBuildPhase;
			buildActionMask = 2147483647;
			files = (
			);
			runOnlyForDeploymentPostprocessing = 0;
		};
		1AF65D0621AF3A0C003ED163 /* Frameworks */ = {
			isa = PBXFrameworksBuildPhase;
			buildActionMask = 2147483647;
			files = (
				4D442A8AABB834C76D3A06EF /* Pods_u2f_ble.framework in Frameworks */,
			);
			runOnlyForDeploymentPostprocessing = 0;
		};
/* End PBXFrameworksBuildPhase section */

/* Begin PBXGroup section */
		1AC76D6D21C9570100588564 /* u2f-mac */ = {
			isa = PBXGroup;
			children = (
				1AC76D9621C9597100588564 /* u2f-mac.entitlements */,
				1AC76D6E21C9570100588564 /* AppDelegate.swift */,
				1AC76D7021C9570200588564 /* Assets.xcassets */,
				1AC76D7221C9570200588564 /* MainMenu.xib */,
				1AC76D7521C9570200588564 /* Info.plist */,
				1AC76D7621C9570200588564 /* u2f_mac.entitlements */,
			);
			path = "u2f-mac";
			sourceTree = "<group>";
		};
		1AC76D7E21C9570200588564 /* u2f-macTests */ = {
			isa = PBXGroup;
			children = (
				1AC76D7F21C9570200588564 /* u2f_macTests.swift */,
				1AC76D8121C9570200588564 /* Info.plist */,
			);
			path = "u2f-macTests";
			sourceTree = "<group>";
		};
		1AC76D8921C9570200588564 /* u2f-macUITests */ = {
			isa = PBXGroup;
			children = (
				1AC76D8A21C9570200588564 /* u2f_macUITests.swift */,
				1AC76D8C21C9570200588564 /* Info.plist */,
			);
			path = "u2f-macUITests";
			sourceTree = "<group>";
		};
		1AF2BD3521BC05280047B742 /* messageport-types */ = {
			isa = PBXGroup;
			children = (
				1AF2BD3A21BC05AC0047B742 /* Base64URL.swift */,
				1AF2BD3621BC05520047B742 /* U2FRequest.swift */,
				1AF2BD3821BC055B0047B742 /* U2FResponse.swift */,
			);
			path = "messageport-types";
			sourceTree = "<group>";
		};
		1AF65D0021AF3A0C003ED163 = {
			isa = PBXGroup;
			children = (
				1AF65D1E21AF3DDE003ED163 /* lib */,
				1AF65D0B21AF3A0C003ED163 /* u2f-ble */,
				1AC76D6D21C9570100588564 /* u2f-mac */,
				1AC76D7E21C9570200588564 /* u2f-macTests */,
				1AC76D8921C9570200588564 /* u2f-macUITests */,
				1AF65D0A21AF3A0C003ED163 /* Products */,
				89C57D4D85B27532F9603498 /* Pods */,
				D55963DEE69EBD300216170D /* Frameworks */,
			);
			indentWidth = 2;
			sourceTree = "<group>";
			tabWidth = 2;
			usesTabs = 1;
		};
		1AF65D0A21AF3A0C003ED163 /* Products */ = {
			isa = PBXGroup;
			children = (
				1AF65D0921AF3A0C003ED163 /* u2f-ble.app */,
				1AC76D6C21C9570100588564 /* u2f-mac.app */,
				1AC76D7B21C9570200588564 /* u2f-macTests.xctest */,
				1AC76D8621C9570200588564 /* u2f-macUITests.xctest */,
			);
			name = Products;
			sourceTree = "<group>";
		};
		1AF65D0B21AF3A0C003ED163 /* u2f-ble */ = {
			isa = PBXGroup;
			children = (
				1AF65D1F21AF3DEE003ED163 /* app */,
			);
			path = "u2f-ble";
			sourceTree = "<group>";
		};
		1AF65D1E21AF3DDE003ED163 /* lib */ = {
			isa = PBXGroup;
			children = (
				1AF65D2021AF3E3B003ED163 /* apdu */,
				1AF65D3E21B0B419003ED163 /* managers */,
				1AF2BD3521BC05280047B742 /* messageport-types */,
				1AF65D2721AF3EF2003ED163 /* utils */,
			);
			path = lib;
			sourceTree = "<group>";
		};
		1AF65D1F21AF3DEE003ED163 /* app */ = {
			isa = PBXGroup;
			children = (
				1AF65D1821AF3A0D003ED163 /* Info.plist */,
				1AF65D1521AF3A0D003ED163 /* LaunchScreen.storyboard */,
				1AF65D1021AF3A0C003ED163 /* Main.storyboard */,
				1AF65D1321AF3A0D003ED163 /* Assets.xcassets */,
				1AF65D0C21AF3A0C003ED163 /* AppDelegate.swift */,
				1AF65D0E21AF3A0C003ED163 /* ViewController.swift */,
			);
			path = app;
			sourceTree = "<group>";
		};
		1AF65D2021AF3E3B003ED163 /* apdu */ = {
			isa = PBXGroup;
			children = (
				1AF65D3621AF3FA1003ED163 /* APDUType.swift */,
				1AF65D3421AF3FA1003ED163 /* AuthenticateAPDU.swift */,
				1AF65D3521AF3FA1003ED163 /* RegisterAPDU.swift */,
			);
			path = apdu;
			sourceTree = "<group>";
		};
		1AF65D2721AF3EF2003ED163 /* utils */ = {
			isa = PBXGroup;
			children = (
				1AF65D2D21AF3F25003ED163 /* DataReader.swift */,
				1AF65D2821AF3F25003ED163 /* DataWriter.swift */,
				1AF65D2B21AF3F25003ED163 /* TransportHelper.swift */,
				1A25736921BD47D0001FFDFE /* U2FFacets.swift */,
			);
			path = utils;
			sourceTree = "<group>";
		};
		1AF65D3E21B0B419003ED163 /* managers */ = {
			isa = PBXGroup;
			children = (
				1AF65D3F21B0B42B003ED163 /* BluetoothManager.swift */,
				1AF65D4021B0B42C003ED163 /* DeviceManager.swift */,
			);
			path = managers;
			sourceTree = "<group>";
		};
		89C57D4D85B27532F9603498 /* Pods */ = {
			isa = PBXGroup;
			children = (
				73071DF65A2431790E7A35D1 /* Pods-u2f-ble.debug.xcconfig */,
				62F11B60FBA164D3A544D3BA /* Pods-u2f-ble.release.xcconfig */,
			);
			name = Pods;
			sourceTree = "<group>";
		};
		D55963DEE69EBD300216170D /* Frameworks */ = {
			isa = PBXGroup;
			children = (
				947DD285D756954BE0793254 /* Pods_u2f_ble.framework */,
			);
			name = Frameworks;
			sourceTree = "<group>";
		};
/* End PBXGroup section */

/* Begin PBXNativeTarget section */
		1AC76D6B21C9570100588564 /* u2f-mac */ = {
			isa = PBXNativeTarget;
			buildConfigurationList = 1AC76D9321C9570200588564 /* Build configuration list for PBXNativeTarget "u2f-mac" */;
			buildPhases = (
				1AC76D6821C9570100588564 /* Sources */,
				1AC76D6921C9570100588564 /* Frameworks */,
				1AC76D6A21C9570100588564 /* Resources */,
			);
			buildRules = (
			);
			dependencies = (
			);
			name = "u2f-mac";
			productName = "u2f-mac";
			productReference = 1AC76D6C21C9570100588564 /* u2f-mac.app */;
			productType = "com.apple.product-type.application";
		};
		1AC76D7A21C9570200588564 /* u2f-macTests */ = {
			isa = PBXNativeTarget;
			buildConfigurationList = 1AC76D9421C9570200588564 /* Build configuration list for PBXNativeTarget "u2f-macTests" */;
			buildPhases = (
				1AC76D7721C9570200588564 /* Sources */,
				1AC76D7821C9570200588564 /* Frameworks */,
				1AC76D7921C9570200588564 /* Resources */,
			);
			buildRules = (
			);
			dependencies = (
				1AC76D7D21C9570200588564 /* PBXTargetDependency */,
			);
			name = "u2f-macTests";
			productName = "u2f-macTests";
			productReference = 1AC76D7B21C9570200588564 /* u2f-macTests.xctest */;
			productType = "com.apple.product-type.bundle.unit-test";
		};
		1AC76D8521C9570200588564 /* u2f-macUITests */ = {
			isa = PBXNativeTarget;
			buildConfigurationList = 1AC76D9521C9570200588564 /* Build configuration list for PBXNativeTarget "u2f-macUITests" */;
			buildPhases = (
				1AC76D8221C9570200588564 /* Sources */,
				1AC76D8321C9570200588564 /* Frameworks */,
				1AC76D8421C9570200588564 /* Resources */,
			);
			buildRules = (
			);
			dependencies = (
				1AC76D8821C9570200588564 /* PBXTargetDependency */,
			);
			name = "u2f-macUITests";
			productName = "u2f-macUITests";
			productReference = 1AC76D8621C9570200588564 /* u2f-macUITests.xctest */;
			productType = "com.apple.product-type.bundle.ui-testing";
		};
		1AF65D0821AF3A0C003ED163 /* u2f-ble */ = {
			isa = PBXNativeTarget;
			buildConfigurationList = 1AF65D1B21AF3A0D003ED163 /* Build configuration list for PBXNativeTarget "u2f-ble" */;
			buildPhases = (
				0BB508AAEA0EFE7DCB54010A /* [CP] Check Pods Manifest.lock */,
				1AF65D0521AF3A0C003ED163 /* Sources */,
				1AF65D0621AF3A0C003ED163 /* Frameworks */,
				1AF65D0721AF3A0C003ED163 /* Resources */,
				52178881795CD3798DFDFAF3 /* [CP] Embed Pods Frameworks */,
			);
			buildRules = (
			);
			dependencies = (
			);
			name = "u2f-ble";
			productName = "u2f-ble";
			productReference = 1AF65D0921AF3A0C003ED163 /* u2f-ble.app */;
			productType = "com.apple.product-type.application";
		};
/* End PBXNativeTarget section */

/* Begin PBXProject section */
		1AF65D0121AF3A0C003ED163 /* Project object */ = {
			isa = PBXProject;
			attributes = {
				LastSwiftUpdateCheck = 1010;
				LastUpgradeCheck = 1010;
				ORGANIZATIONNAME = Cuvva;
				TargetAttributes = {
					1AC76D6B21C9570100588564 = {
						CreatedOnToolsVersion = 10.1;
						SystemCapabilities = {
							com.apple.HardenedRuntime = {
								enabled = 0;
							};
							com.apple.Sandbox = {
								enabled = 1;
							};
						};
					};
					1AC76D7A21C9570200588564 = {
						CreatedOnToolsVersion = 10.1;
						TestTargetID = 1AC76D6B21C9570100588564;
					};
					1AC76D8521C9570200588564 = {
						CreatedOnToolsVersion = 10.1;
						TestTargetID = 1AC76D6B21C9570100588564;
					};
					1AF65D0821AF3A0C003ED163 = {
						CreatedOnToolsVersion = 10.1;
						LastSwiftMigration = 1010;
					};
				};
			};
			buildConfigurationList = 1AF65D0421AF3A0C003ED163 /* Build configuration list for PBXProject "u2f-ble" */;
			compatibilityVersion = "Xcode 9.3";
			developmentRegion = en;
			hasScannedForEncodings = 0;
			knownRegions = (
				en,
				Base,
			);
			mainGroup = 1AF65D0021AF3A0C003ED163;
			productRefGroup = 1AF65D0A21AF3A0C003ED163 /* Products */;
			projectDirPath = "";
			projectRoot = "";
			targets = (
				1AF65D0821AF3A0C003ED163 /* u2f-ble */,
				1AC76D6B21C9570100588564 /* u2f-mac */,
				1AC76D7A21C9570200588564 /* u2f-macTests */,
				1AC76D8521C9570200588564 /* u2f-macUITests */,
			);
		};
/* End PBXProject section */

/* Begin PBXResourcesBuildPhase section */
		1AC76D6A21C9570100588564 /* Resources */ = {
			isa = PBXResourcesBuildPhase;
			buildActionMask = 2147483647;
			files = (
				1AC76D7121C9570200588564 /* Assets.xcassets in Resources */,
				1AC76D7421C9570200588564 /* MainMenu.xib in Resources */,
			);
			runOnlyForDeploymentPostprocessing = 0;
		};
		1AC76D7921C9570200588564 /* Resources */ = {
			isa = PBXResourcesBuildPhase;
			buildActionMask = 2147483647;
			files = (
			);
			runOnlyForDeploymentPostprocessing = 0;
		};
		1AC76D8421C9570200588564 /* Resources */ = {
			isa = PBXResourcesBuildPhase;
			buildActionMask = 2147483647;
			files = (
			);
			runOnlyForDeploymentPostprocessing = 0;
		};
		1AF65D0721AF3A0C003ED163 /* Resources */ = {
			isa = PBXResourcesBuildPhase;
			buildActionMask = 2147483647;
			files = (
				1AF65D1721AF3A0D003ED163 /* LaunchScreen.storyboard in Resources */,
				1AF65D1421AF3A0D003ED163 /* Assets.xcassets in Resources */,
				1AF65D1221AF3A0C003ED163 /* Main.storyboard in Resources */,
			);
			runOnlyForDeploymentPostprocessing = 0;
		};
/* End PBXResourcesBuildPhase section */

/* Begin PBXShellScriptBuildPhase section */
		0BB508AAEA0EFE7DCB54010A /* [CP] Check Pods Manifest.lock */ = {
			isa = PBXShellScriptBuildPhase;
			buildActionMask = 2147483647;
			files = (
			);
			inputFileListPaths = (
			);
			inputPaths = (
				"${PODS_PODFILE_DIR_PATH}/Podfile.lock",
				"${PODS_ROOT}/Manifest.lock",
			);
			name = "[CP] Check Pods Manifest.lock";
			outputFileListPaths = (
			);
			outputPaths = (
				"$(DERIVED_FILE_DIR)/Pods-u2f-ble-checkManifestLockResult.txt",
			);
			runOnlyForDeploymentPostprocessing = 0;
			shellPath = /bin/sh;
			shellScript = "diff \"${PODS_PODFILE_DIR_PATH}/Podfile.lock\" \"${PODS_ROOT}/Manifest.lock\" > /dev/null\nif [ $? != 0 ] ; then\n    # print error to STDERR\n    echo \"error: The sandbox is not in sync with the Podfile.lock. Run 'pod install' or update your CocoaPods installation.\" >&2\n    exit 1\nfi\n# This output is used by Xcode 'outputs' to avoid re-running this script phase.\necho \"SUCCESS\" > \"${SCRIPT_OUTPUT_FILE_0}\"\n";
			showEnvVarsInLog = 0;
		};
		52178881795CD3798DFDFAF3 /* [CP] Embed Pods Frameworks */ = {
			isa = PBXShellScriptBuildPhase;
			buildActionMask = 2147483647;
			files = (
			);
			inputFileListPaths = (
			);
			inputPaths = (
				"${SRCROOT}/Pods/Target Support Files/Pods-u2f-ble/Pods-u2f-ble-frameworks.sh",
				"${BUILT_PRODUCTS_DIR}/Punycode/Punycode.framework",
				"${BUILT_PRODUCTS_DIR}/TLDExtract/TLDExtract.framework",
			);
			name = "[CP] Embed Pods Frameworks";
			outputFileListPaths = (
			);
			outputPaths = (
				"${TARGET_BUILD_DIR}/${FRAMEWORKS_FOLDER_PATH}/Punycode.framework",
				"${TARGET_BUILD_DIR}/${FRAMEWORKS_FOLDER_PATH}/TLDExtract.framework",
			);
			runOnlyForDeploymentPostprocessing = 0;
			shellPath = /bin/sh;
			shellScript = "\"${SRCROOT}/Pods/Target Support Files/Pods-u2f-ble/Pods-u2f-ble-frameworks.sh\"\n";
			showEnvVarsInLog = 0;
		};
/* End PBXShellScriptBuildPhase section */

/* Begin PBXSourcesBuildPhase section */
		1AC76D6821C9570100588564 /* Sources */ = {
			isa = PBXSourcesBuildPhase;
			buildActionMask = 2147483647;
			files = (
				1AC76D6F21C9570100588564 /* AppDelegate.swift in Sources */,
			);
			runOnlyForDeploymentPostprocessing = 0;
		};
		1AC76D7721C9570200588564 /* Sources */ = {
			isa = PBXSourcesBuildPhase;
			buildActionMask = 2147483647;
			files = (
				1AC76D8021C9570200588564 /* u2f_macTests.swift in Sources */,
			);
			runOnlyForDeploymentPostprocessing = 0;
		};
		1AC76D8221C9570200588564 /* Sources */ = {
			isa = PBXSourcesBuildPhase;
			buildActionMask = 2147483647;
			files = (
				1AC76D8B21C9570200588564 /* u2f_macUITests.swift in Sources */,
			);
			runOnlyForDeploymentPostprocessing = 0;
		};
		1AF65D0521AF3A0C003ED163 /* Sources */ = {
			isa = PBXSourcesBuildPhase;
			buildActionMask = 2147483647;
			files = (
				1AF2BD3B21BC05AC0047B742 /* Base64URL.swift in Sources */,
				1AF2BD3921BC055B0047B742 /* U2FResponse.swift in Sources */,
				1AF65D3321AF3F25003ED163 /* DataReader.swift in Sources */,
				1A25736A21BD47D0001FFDFE /* U2FFacets.swift in Sources */,
				1AF65D3921AF3FA1003ED163 /* APDUType.swift in Sources */,
				1AF65D4221B0B42C003ED163 /* DeviceManager.swift in Sources */,
				1AF65D3721AF3FA1003ED163 /* AuthenticateAPDU.swift in Sources */,
				1AF2BD3721BC05520047B742 /* U2FRequest.swift in Sources */,
				1AF65D0F21AF3A0C003ED163 /* ViewController.swift in Sources */,
				1AF65D2E21AF3F25003ED163 /* DataWriter.swift in Sources */,
				1AF65D0D21AF3A0C003ED163 /* AppDelegate.swift in Sources */,
				1AF65D3821AF3FA1003ED163 /* RegisterAPDU.swift in Sources */,
				1AF65D4121B0B42C003ED163 /* BluetoothManager.swift in Sources */,
				1AF65D3121AF3F25003ED163 /* TransportHelper.swift in Sources */,
			);
			runOnlyForDeploymentPostprocessing = 0;
		};
/* End PBXSourcesBuildPhase section */

/* Begin PBXTargetDependency section */
		1AC76D7D21C9570200588564 /* PBXTargetDependency */ = {
			isa = PBXTargetDependency;
			target = 1AC76D6B21C9570100588564 /* u2f-mac */;
			targetProxy = 1AC76D7C21C9570200588564 /* PBXContainerItemProxy */;
		};
		1AC76D8821C9570200588564 /* PBXTargetDependency */ = {
			isa = PBXTargetDependency;
			target = 1AC76D6B21C9570100588564 /* u2f-mac */;
			targetProxy = 1AC76D8721C9570200588564 /* PBXContainerItemProxy */;
		};
/* End PBXTargetDependency section */

/* Begin PBXVariantGroup section */
		1AC76D7221C9570200588564 /* MainMenu.xib */ = {
			isa = PBXVariantGroup;
			children = (
				1AC76D7321C9570200588564 /* Base */,
			);
			name = MainMenu.xib;
			sourceTree = "<group>";
		};
		1AF65D1021AF3A0C003ED163 /* Main.storyboard */ = {
			isa = PBXVariantGroup;
			children = (
				1AF65D1121AF3A0C003ED163 /* Base */,
			);
			name = Main.storyboard;
			sourceTree = "<group>";
		};
		1AF65D1521AF3A0D003ED163 /* LaunchScreen.storyboard */ = {
			isa = PBXVariantGroup;
			children = (
				1AF65D1621AF3A0D003ED163 /* Base */,
			);
			name = LaunchScreen.storyboard;
			sourceTree = "<group>";
		};
/* End PBXVariantGroup section */

/* Begin XCBuildConfiguration section */
		1AC76D8D21C9570200588564 /* Debug */ = {
			isa = XCBuildConfiguration;
			buildSettings = {
				ASSETCATALOG_COMPILER_APPICON_NAME = AppIcon;
				CLANG_ENABLE_MODULES = YES;
				CODE_SIGN_ENTITLEMENTS = "u2f-mac/u2f-mac.entitlements";
				CODE_SIGN_IDENTITY = "Mac Developer";
				CODE_SIGN_STYLE = Automatic;
				COMBINE_HIDPI_IMAGES = YES;
				DEVELOPMENT_TEAM = 22D6LDWKW5;
				GCC_DYNAMIC_NO_PIC = NO;
				GCC_OPTIMIZATION_LEVEL = 0;
				INFOPLIST_FILE = "u2f-mac/Info.plist";
				LD_RUNPATH_SEARCH_PATHS = (
					"$(inherited)",
					"@executable_path/../Frameworks",
				);
				MACOSX_DEPLOYMENT_TARGET = 10.14;
				PRODUCT_BUNDLE_IDENTIFIER = "com.cuvva.u2f-mac";
				PRODUCT_NAME = "$(TARGET_NAME)";
				PROVISIONING_PROFILE_SPECIFIER = "";
				SDKROOT = macosx;
				SWIFT_VERSION = 4.2;
			};
			name = Debug;
		};
		1AC76D8E21C9570200588564 /* Release */ = {
			isa = XCBuildConfiguration;
			buildSettings = {
				ASSETCATALOG_COMPILER_APPICON_NAME = AppIcon;
				CLANG_ENABLE_MODULES = YES;
				CODE_SIGN_ENTITLEMENTS = "u2f-mac/u2f-mac.entitlements";
				CODE_SIGN_IDENTITY = "Mac Developer";
				CODE_SIGN_STYLE = Automatic;
				COMBINE_HIDPI_IMAGES = YES;
				DEBUG_INFORMATION_FORMAT = "dwarf-with-dsym";
				DEVELOPMENT_TEAM = 22D6LDWKW5;
				INFOPLIST_FILE = "u2f-mac/Info.plist";
				LD_RUNPATH_SEARCH_PATHS = (
					"$(inherited)",
					"@executable_path/../Frameworks",
				);
				MACOSX_DEPLOYMENT_TARGET = 10.14;
				PRODUCT_BUNDLE_IDENTIFIER = "com.cuvva.u2f-mac";
				PRODUCT_NAME = "$(TARGET_NAME)";
				PROVISIONING_PROFILE_SPECIFIER = "";
				SDKROOT = macosx;
				SWIFT_OPTIMIZATION_LEVEL = "-O";
				SWIFT_VERSION = 4.2;
			};
			name = Release;
		};
		1AC76D8F21C9570200588564 /* Debug */ = {
			isa = XCBuildConfiguration;
			buildSettings = {
				ALWAYS_EMBED_SWIFT_STANDARD_LIBRARIES = YES;
				BUNDLE_LOADER = "$(TEST_HOST)";
				CLANG_ENABLE_MODULES = YES;
				CODE_SIGN_IDENTITY = "-";
				CODE_SIGN_STYLE = Automatic;
				COMBINE_HIDPI_IMAGES = YES;
				GCC_DYNAMIC_NO_PIC = NO;
				GCC_OPTIMIZATION_LEVEL = 0;
				INFOPLIST_FILE = "u2f-macTests/Info.plist";
				LD_RUNPATH_SEARCH_PATHS = (
					"$(inherited)",
					"@executable_path/../Frameworks",
					"@loader_path/../Frameworks",
				);
				MACOSX_DEPLOYMENT_TARGET = 10.14;
				PRODUCT_BUNDLE_IDENTIFIER = "com.cuvva.u2f-macTests";
				PRODUCT_NAME = "$(TARGET_NAME)";
				SDKROOT = macosx;
				SWIFT_VERSION = 4.2;
				TEST_HOST = "$(BUILT_PRODUCTS_DIR)/u2f-mac.app/Contents/MacOS/u2f-mac";
			};
			name = Debug;
		};
		1AC76D9021C9570200588564 /* Release */ = {
			isa = XCBuildConfiguration;
			buildSettings = {
				ALWAYS_EMBED_SWIFT_STANDARD_LIBRARIES = YES;
				BUNDLE_LOADER = "$(TEST_HOST)";
				CLANG_ENABLE_MODULES = YES;
				CODE_SIGN_IDENTITY = "-";
				CODE_SIGN_STYLE = Automatic;
				COMBINE_HIDPI_IMAGES = YES;
				DEBUG_INFORMATION_FORMAT = "dwarf-with-dsym";
				INFOPLIST_FILE = "u2f-macTests/Info.plist";
				LD_RUNPATH_SEARCH_PATHS = (
					"$(inherited)",
					"@executable_path/../Frameworks",
					"@loader_path/../Frameworks",
				);
				MACOSX_DEPLOYMENT_TARGET = 10.14;
				PRODUCT_BUNDLE_IDENTIFIER = "com.cuvva.u2f-macTests";
				PRODUCT_NAME = "$(TARGET_NAME)";
				SDKROOT = macosx;
				SWIFT_OPTIMIZATION_LEVEL = "-O";
				SWIFT_VERSION = 4.2;
				TEST_HOST = "$(BUILT_PRODUCTS_DIR)/u2f-mac.app/Contents/MacOS/u2f-mac";
			};
			name = Release;
		};
		1AC76D9121C9570200588564 /* Debug */ = {
			isa = XCBuildConfiguration;
			buildSettings = {
				ALWAYS_EMBED_SWIFT_STANDARD_LIBRARIES = YES;
				CLANG_ENABLE_MODULES = YES;
				CODE_SIGN_IDENTITY = "-";
				CODE_SIGN_STYLE = Automatic;
				COMBINE_HIDPI_IMAGES = YES;
				GCC_DYNAMIC_NO_PIC = NO;
				GCC_OPTIMIZATION_LEVEL = 0;
				INFOPLIST_FILE = "u2f-macUITests/Info.plist";
				LD_RUNPATH_SEARCH_PATHS = (
					"$(inherited)",
					"@executable_path/../Frameworks",
					"@loader_path/../Frameworks",
				);
				MACOSX_DEPLOYMENT_TARGET = 10.14;
				PRODUCT_BUNDLE_IDENTIFIER = "com.cuvva.u2f-macUITests";
				PRODUCT_NAME = "$(TARGET_NAME)";
				SDKROOT = macosx;
				SWIFT_VERSION = 4.2;
				TEST_TARGET_NAME = "u2f-mac";
			};
			name = Debug;
		};
		1AC76D9221C9570200588564 /* Release */ = {
			isa = XCBuildConfiguration;
			buildSettings = {
				ALWAYS_EMBED_SWIFT_STANDARD_LIBRARIES = YES;
				CLANG_ENABLE_MODULES = YES;
				CODE_SIGN_IDENTITY = "-";
				CODE_SIGN_STYLE = Automatic;
				COMBINE_HIDPI_IMAGES = YES;
				DEBUG_INFORMATION_FORMAT = "dwarf-with-dsym";
				INFOPLIST_FILE = "u2f-macUITests/Info.plist";
				LD_RUNPATH_SEARCH_PATHS = (
					"$(inherited)",
					"@executable_path/../Frameworks",
					"@loader_path/../Frameworks",
				);
				MACOSX_DEPLOYMENT_TARGET = 10.14;
				PRODUCT_BUNDLE_IDENTIFIER = "com.cuvva.u2f-macUITests";
				PRODUCT_NAME = "$(TARGET_NAME)";
				SDKROOT = macosx;
				SWIFT_OPTIMIZATION_LEVEL = "-O";
				SWIFT_VERSION = 4.2;
				TEST_TARGET_NAME = "u2f-mac";
			};
			name = Release;
		};
		1AF65D1921AF3A0D003ED163 /* Debug */ = {
			isa = XCBuildConfiguration;
			buildSettings = {
				ALWAYS_SEARCH_USER_PATHS = NO;
				CLANG_ANALYZER_NONNULL = YES;
				CLANG_ANALYZER_NUMBER_OBJECT_CONVERSION = YES_AGGRESSIVE;
				CLANG_CXX_LANGUAGE_STANDARD = "gnu++14";
				CLANG_CXX_LIBRARY = "libc++";
				CLANG_ENABLE_OBJC_ARC = YES;
				CLANG_ENABLE_OBJC_WEAK = YES;
				CLANG_WARN_BLOCK_CAPTURE_AUTORELEASING = YES;
				CLANG_WARN_BOOL_CONVERSION = YES;
				CLANG_WARN_COMMA = YES;
				CLANG_WARN_CONSTANT_CONVERSION = YES;
				CLANG_WARN_DEPRECATED_OBJC_IMPLEMENTATIONS = YES;
				CLANG_WARN_DIRECT_OBJC_ISA_USAGE = YES_ERROR;
				CLANG_WARN_DOCUMENTATION_COMMENTS = YES;
				CLANG_WARN_EMPTY_BODY = YES;
				CLANG_WARN_ENUM_CONVERSION = YES;
				CLANG_WARN_INFINITE_RECURSION = YES;
				CLANG_WARN_INT_CONVERSION = YES;
				CLANG_WARN_NON_LITERAL_NULL_CONVERSION = YES;
				CLANG_WARN_OBJC_IMPLICIT_RETAIN_SELF = YES;
				CLANG_WARN_OBJC_LITERAL_CONVERSION = YES;
				CLANG_WARN_OBJC_ROOT_CLASS = YES_ERROR;
				CLANG_WARN_RANGE_LOOP_ANALYSIS = YES;
				CLANG_WARN_STRICT_PROTOTYPES = YES;
				CLANG_WARN_SUSPICIOUS_MOVE = YES;
				CLANG_WARN_UNGUARDED_AVAILABILITY = YES_AGGRESSIVE;
				CLANG_WARN_UNREACHABLE_CODE = YES;
				CLANG_WARN__DUPLICATE_METHOD_MATCH = YES;
				CODE_SIGN_IDENTITY = "iPhone Developer";
				COPY_PHASE_STRIP = NO;
				DEBUG_INFORMATION_FORMAT = dwarf;
				ENABLE_STRICT_OBJC_MSGSEND = YES;
				ENABLE_TESTABILITY = YES;
				GCC_C_LANGUAGE_STANDARD = gnu11;
				GCC_NO_COMMON_BLOCKS = YES;
				GCC_PREPROCESSOR_DEFINITIONS = (
					"DEBUG=1",
					"$(inherited)",
				);
				GCC_WARN_64_TO_32_BIT_CONVERSION = YES;
				GCC_WARN_ABOUT_RETURN_TYPE = YES_ERROR;
				GCC_WARN_UNDECLARED_SELECTOR = YES;
				GCC_WARN_UNINITIALIZED_AUTOS = YES_AGGRESSIVE;
				GCC_WARN_UNUSED_FUNCTION = YES;
				GCC_WARN_UNUSED_VARIABLE = YES;
				IPHONEOS_DEPLOYMENT_TARGET = 12.1;
				MTL_ENABLE_DEBUG_INFO = INCLUDE_SOURCE;
				MTL_FAST_MATH = YES;
				ONLY_ACTIVE_ARCH = YES;
				SDKROOT = iphoneos;
				SWIFT_ACTIVE_COMPILATION_CONDITIONS = DEBUG;
				SWIFT_OPTIMIZATION_LEVEL = "-Onone";
			};
			name = Debug;
		};
		1AF65D1A21AF3A0D003ED163 /* Release */ = {
			isa = XCBuildConfiguration;
			buildSettings = {
				ALWAYS_SEARCH_USER_PATHS = NO;
				CLANG_ANALYZER_NONNULL = YES;
				CLANG_ANALYZER_NUMBER_OBJECT_CONVERSION = YES_AGGRESSIVE;
				CLANG_CXX_LANGUAGE_STANDARD = "gnu++14";
				CLANG_CXX_LIBRARY = "libc++";
				CLANG_ENABLE_OBJC_ARC = YES;
				CLANG_ENABLE_OBJC_WEAK = YES;
				CLANG_WARN_BLOCK_CAPTURE_AUTORELEASING = YES;
				CLANG_WARN_BOOL_CONVERSION = YES;
				CLANG_WARN_COMMA = YES;
				CLANG_WARN_CONSTANT_CONVERSION = YES;
				CLANG_WARN_DEPRECATED_OBJC_IMPLEMENTATIONS = YES;
				CLANG_WARN_DIRECT_OBJC_ISA_USAGE = YES_ERROR;
				CLANG_WARN_DOCUMENTATION_COMMENTS = YES;
				CLANG_WARN_EMPTY_BODY = YES;
				CLANG_WARN_ENUM_CONVERSION = YES;
				CLANG_WARN_INFINITE_RECURSION = YES;
				CLANG_WARN_INT_CONVERSION = YES;
				CLANG_WARN_NON_LITERAL_NULL_CONVERSION = YES;
				CLANG_WARN_OBJC_IMPLICIT_RETAIN_SELF = YES;
				CLANG_WARN_OBJC_LITERAL_CONVERSION = YES;
				CLANG_WARN_OBJC_ROOT_CLASS = YES_ERROR;
				CLANG_WARN_RANGE_LOOP_ANALYSIS = YES;
				CLANG_WARN_STRICT_PROTOTYPES = YES;
				CLANG_WARN_SUSPICIOUS_MOVE = YES;
				CLANG_WARN_UNGUARDED_AVAILABILITY = YES_AGGRESSIVE;
				CLANG_WARN_UNREACHABLE_CODE = YES;
				CLANG_WARN__DUPLICATE_METHOD_MATCH = YES;
				CODE_SIGN_IDENTITY = "iPhone Developer";
				COPY_PHASE_STRIP = NO;
				ENABLE_NS_ASSERTIONS = NO;
				ENABLE_STRICT_OBJC_MSGSEND = YES;
				GCC_C_LANGUAGE_STANDARD = gnu11;
				GCC_NO_COMMON_BLOCKS = YES;
				GCC_WARN_64_TO_32_BIT_CONVERSION = YES;
				GCC_WARN_ABOUT_RETURN_TYPE = YES_ERROR;
				GCC_WARN_UNDECLARED_SELECTOR = YES;
				GCC_WARN_UNINITIALIZED_AUTOS = YES_AGGRESSIVE;
				GCC_WARN_UNUSED_FUNCTION = YES;
				GCC_WARN_UNUSED_VARIABLE = YES;
				IPHONEOS_DEPLOYMENT_TARGET = 12.1;
				MTL_ENABLE_DEBUG_INFO = NO;
				MTL_FAST_MATH = YES;
				SDKROOT = iphoneos;
				SWIFT_COMPILATION_MODE = wholemodule;
				VALIDATE_PRODUCT = YES;
			};
			name = Release;
		};
		1AF65D1C21AF3A0D003ED163 /* Debug */ = {
			isa = XCBuildConfiguration;
			baseConfigurationReference = 73071DF65A2431790E7A35D1 /* Pods-u2f-ble.debug.xcconfig */;
			buildSettings = {
				ASSETCATALOG_COMPILER_APPICON_NAME = AppIcon;
				CODE_SIGN_STYLE = Automatic;
				DEVELOPMENT_TEAM = 22D6LDWKW5;
				INFOPLIST_FILE = "$(SRCROOT)/u2f-ble/app/Info.plist";
				LD_RUNPATH_SEARCH_PATHS = (
					"$(inherited)",
					"@executable_path/Frameworks",
				);
				PRODUCT_BUNDLE_IDENTIFIER = "co.cuvva.u2f-ble";
				PRODUCT_NAME = "$(TARGET_NAME)";
				SWIFT_VERSION = 4.2;
				TARGETED_DEVICE_FAMILY = "1,2";
			};
			name = Debug;
		};
		1AF65D1D21AF3A0D003ED163 /* Release */ = {
			isa = XCBuildConfiguration;
			baseConfigurationReference = 62F11B60FBA164D3A544D3BA /* Pods-u2f-ble.release.xcconfig */;
			buildSettings = {
				ASSETCATALOG_COMPILER_APPICON_NAME = AppIcon;
				CODE_SIGN_STYLE = Automatic;
				DEVELOPMENT_TEAM = 22D6LDWKW5;
				INFOPLIST_FILE = "$(SRCROOT)/u2f-ble/app/Info.plist";
				LD_RUNPATH_SEARCH_PATHS = (
					"$(inherited)",
					"@executable_path/Frameworks",
				);
				PRODUCT_BUNDLE_IDENTIFIER = "co.cuvva.u2f-ble";
				PRODUCT_NAME = "$(TARGET_NAME)";
				SWIFT_VERSION = 4.2;
				TARGETED_DEVICE_FAMILY = "1,2";
			};
			name = Release;
		};
/* End XCBuildConfiguration section */

/* Begin XCConfigurationList section */
		1AC76D9321C9570200588564 /* Build configuration list for PBXNativeTarget "u2f-mac" */ = {
			isa = XCConfigurationList;
			buildConfigurations = (
				1AC76D8D21C9570200588564 /* Debug */,
				1AC76D8E21C9570200588564 /* Release */,
			);
			defaultConfigurationIsVisible = 0;
			defaultConfigurationName = Release;
		};
		1AC76D9421C9570200588564 /* Build configuration list for PBXNativeTarget "u2f-macTests" */ = {
			isa = XCConfigurationList;
			buildConfigurations = (
				1AC76D8F21C9570200588564 /* Debug */,
				1AC76D9021C9570200588564 /* Release */,
			);
			defaultConfigurationIsVisible = 0;
			defaultConfigurationName = Release;
		};
		1AC76D9521C9570200588564 /* Build configuration list for PBXNativeTarget "u2f-macUITests" */ = {
			isa = XCConfigurationList;
			buildConfigurations = (
				1AC76D9121C9570200588564 /* Debug */,
				1AC76D9221C9570200588564 /* Release */,
			);
			defaultConfigurationIsVisible = 0;
			defaultConfigurationName = Release;
		};
		1AF65D0421AF3A0C003ED163 /* Build configuration list for PBXProject "u2f-ble" */ = {
			isa = XCConfigurationList;
			buildConfigurations = (
				1AF65D1921AF3A0D003ED163 /* Debug */,
				1AF65D1A21AF3A0D003ED163 /* Release */,
			);
			defaultConfigurationIsVisible = 0;
			defaultConfigurationName = Release;
		};
		1AF65D1B21AF3A0D003ED163 /* Build configuration list for PBXNativeTarget "u2f-ble" */ = {
			isa = XCConfigurationList;
			buildConfigurations = (
				1AF65D1C21AF3A0D003ED163 /* Debug */,
				1AF65D1D21AF3A0D003ED163 /* Release */,
			);
			defaultConfigurationIsVisible = 0;
			defaultConfigurationName = Release;
		};
/* End XCConfigurationList section */
	};
	rootObject = 1AF65D0121AF3A0C003ED163 /* Project object */;
}
